
Microsoft Visual Studio Solution File, Format Version 12.00
# Visual Studio Version 17
VisualStudioVersion = 17.0.32002.185
MinimumVisualStudioVersion = 10.0.40219.1
Project("{FAE04EC0-301F-11D3-BF4B-00C04F79EFBC}") = "StockApplication.MVC", "StockApplication.MVC.csproj", "{C223E7C8-3767-4424-9D2E-0FDAFD67F90D}"
EndProject
Global
	GlobalSection(SolutionConfigurationPlatforms) = preSolution
		Debug|Any CPU = Debug|Any CPU
		Release|Any CPU = Release|Any CPU
	EndGlobalSection
	GlobalSection(ProjectConfigurationPlatforms) = postSolution
		{C223E7C8-3767-4424-9D2E-0FDAFD67F90D}.Debug|Any CPU.ActiveCfg = Debug|Any CPU
		{C223E7C8-3767-4424-9D2E-0FDAFD67F90D}.Debug|Any CPU.Build.0 = Debug|Any CPU
		{C223E7C8-3767-4424-9D2E-0FDAFD67F90D}.Release|Any CPU.ActiveCfg = Release|Any CPU
		{C223E7C8-3767-4424-9D2E-0FDAFD67F90D}.Release|Any CPU.Build.0 = Release|Any CPU
	EndGlobalSection
	GlobalSection(SolutionProperties) = preSolution
		HideSolutionNode = FALSE
	EndGlobalSection
	GlobalSection(ExtensibilityGlobals) = postSolution
		SolutionGuid = {950D46F1-22E4-4D35-8771-2CD380AC6AE1}
	EndGlobalSection
EndGlobal
